
Microsoft Visual Studio Solution File, Format Version 12.00
# Visual Studio Version 17
VisualStudioVersion = 17.9.34714.143
MinimumVisualStudioVersion = 10.0.40219.1
Project("{FAE04EC0-301F-11D3-BF4B-00C04F79EFBC}") = "CK_Final", "CK_Final\CK_Final.csproj", "{A1464C78-7C91-4D7A-B754-066E39836A87}"
EndProject
Global
	GlobalSection(SolutionConfigurationPlatforms) = preSolution
		Debug|Any CPU = Debug|Any CPU
		Release|Any CPU = Release|Any CPU
	EndGlobalSection
	GlobalSection(ProjectConfigurationPlatforms) = postSolution
		{A1464C78-7C91-4D7A-B754-066E39836A87}.Debug|Any CPU.ActiveCfg = Debug|Any CPU
		{A1464C78-7C91-4D7A-B754-066E39836A87}.Debug|Any CPU.Build.0 = Debug|Any CPU
		{A1464C78-7C91-4D7A-B754-066E39836A87}.Release|Any CPU.ActiveCfg = Release|Any CPU
		{A1464C78-7C91-4D7A-B754-066E39836A87}.Release|Any CPU.Build.0 = Release|Any CPU
	EndGlobalSection
	GlobalSection(SolutionProperties) = preSolution
		HideSolutionNode = FALSE
	EndGlobalSection
	GlobalSection(ExtensibilityGlobals) = postSolution
		SolutionGuid = {CB23AC26-C31A-4F80-B00C-BDCFE16E216F}
	EndGlobalSection
EndGlobal
